
Microsoft Visual Studio Solution File, Format Version 12.00
Project("{FAE04EC0-301F-11D3-BF4B-00C04F79EFBC}") = "AtomicRegistry", "AtomicRegistry\AtomicRegistry.csproj", "{274BE6F3-AA9B-49EC-B80E-DEA01742EB3F}"
EndProject
Global
	GlobalSection(SolutionConfigurationPlatforms) = preSolution
		Debug|Any CPU = Debug|Any CPU
		Release|Any CPU = Release|Any CPU
	EndGlobalSection
	GlobalSection(ProjectConfigurationPlatforms) = postSolution
		{274BE6F3-AA9B-49EC-B80E-DEA01742EB3F}.Debug|Any CPU.ActiveCfg = Debug|Any CPU
		{274BE6F3-AA9B-49EC-B80E-DEA01742EB3F}.Debug|Any CPU.Build.0 = Debug|Any CPU
		{274BE6F3-AA9B-49EC-B80E-DEA01742EB3F}.Release|Any CPU.ActiveCfg = Release|Any CPU
		{274BE6F3-AA9B-49EC-B80E-DEA01742EB3F}.Release|Any CPU.Build.0 = Release|Any CPU
	EndGlobalSection
EndGlobal
